
Microsoft Visual Studio Solution File, Format Version 12.00
# Visual Studio Version 17
VisualStudioVersion = 17.0.31903.59
MinimumVisualStudioVersion = 10.0.40219.1
Project("{FAE04EC0-301F-11D3-BF4B-00C04F79EFBC}") = "CAnDriveTest", "CAnDriveTest\CAnDriveTest.csproj", "{B4053659-ADB2-4097-8390-6A037F062A90}"
EndProject
Project("{FAE04EC0-301F-11D3-BF4B-00C04F79EFBC}") = "LUD", "LUD\LUD.csproj", "{96D324A8-7AD3-4B12-9714-EAFC4EFBE572}"
EndProject
Global
	GlobalSection(SolutionConfigurationPlatforms) = preSolution
		Debug|Any CPU = Debug|Any CPU
		Release|Any CPU = Release|Any CPU
	EndGlobalSection
	GlobalSection(SolutionProperties) = preSolution
		HideSolutionNode = FALSE
	EndGlobalSection
	GlobalSection(ProjectConfigurationPlatforms) = postSolution
		{B4053659-ADB2-4097-8390-6A037F062A90}.Debug|Any CPU.ActiveCfg = Debug|Any CPU
		{B4053659-ADB2-4097-8390-6A037F062A90}.Debug|Any CPU.Build.0 = Debug|Any CPU
		{B4053659-ADB2-4097-8390-6A037F062A90}.Release|Any CPU.ActiveCfg = Release|Any CPU
		{B4053659-ADB2-4097-8390-6A037F062A90}.Release|Any CPU.Build.0 = Release|Any CPU
		{96D324A8-7AD3-4B12-9714-EAFC4EFBE572}.Debug|Any CPU.ActiveCfg = Debug|Any CPU
		{96D324A8-7AD3-4B12-9714-EAFC4EFBE572}.Debug|Any CPU.Build.0 = Debug|Any CPU
		{96D324A8-7AD3-4B12-9714-EAFC4EFBE572}.Release|Any CPU.ActiveCfg = Release|Any CPU
		{96D324A8-7AD3-4B12-9714-EAFC4EFBE572}.Release|Any CPU.Build.0 = Release|Any CPU
	EndGlobalSection
EndGlobal
